
Microsoft Visual Studio Solution File, Format Version 12.00
# Visual Studio Version 17
VisualStudioVersion = 17.5.002.0
MinimumVisualStudioVersion = 10.0.40219.1
Project("{9A19103F-16F7-4668-BE54-9A1E7A4F7556}") = "MessageBoardClient", "MessageBoardClient.csproj", "{ED6BB2D8-CC03-46F4-817A-CF645E35490A}"
EndProject
Global
	GlobalSection(SolutionConfigurationPlatforms) = preSolution
		Debug|Any CPU = Debug|Any CPU
		Release|Any CPU = Release|Any CPU
	EndGlobalSection
	GlobalSection(ProjectConfigurationPlatforms) = postSolution
		{ED6BB2D8-CC03-46F4-817A-CF645E35490A}.Debug|Any CPU.ActiveCfg = Debug|Any CPU
		{ED6BB2D8-CC03-46F4-817A-CF645E35490A}.Debug|Any CPU.Build.0 = Debug|Any CPU
		{ED6BB2D8-CC03-46F4-817A-CF645E35490A}.Release|Any CPU.ActiveCfg = Release|Any CPU
		{ED6BB2D8-CC03-46F4-817A-CF645E35490A}.Release|Any CPU.Build.0 = Release|Any CPU
	EndGlobalSection
	GlobalSection(SolutionProperties) = preSolution
		HideSolutionNode = FALSE
	EndGlobalSection
	GlobalSection(ExtensibilityGlobals) = postSolution
		SolutionGuid = {EFD6DD61-7489-419A-884E-5F24D36F4B57}
	EndGlobalSection
EndGlobal
